
Microsoft Visual Studio Solution File, Format Version 12.00
# Visual Studio 2013
VisualStudioVersion = 12.0.31101.0
MinimumVisualStudioVersion = 10.0.40219.1
Project("{8BC9CEB8-8B4A-11D0-8D11-00A0C91BC942}") = "StringPermute", "Test\Test.vcxproj", "{89687B6C-E9F2-47F0-9014-6B9A3E1DA993}"
EndProject
Project("{8BC9CEB8-8B4A-11D0-8D11-00A0C91BC942}") = "Fibb", "Fibb\Fibb.vcxproj", "{4006538E-DA7A-4438-8E44-5887CD5C4405}"
EndProject
Project("{8BC9CEB8-8B4A-11D0-8D11-00A0C91BC942}") = "BigNum", "BigNum\BigNum.vcxproj", "{94E1AC0B-808D-413B-A7EE-1931FEBA1812}"
EndProject
Project("{8BC9CEB8-8B4A-11D0-8D11-00A0C91BC942}") = "POJ_1002", "POJ_1002\POJ_1002.vcxproj", "{7D730E2F-E240-451A-B874-53C036CABB32}"
EndProject
Project("{8BC9CEB8-8B4A-11D0-8D11-00A0C91BC942}") = "POJ_1067", "POJ_1067\POJ_1067.vcxproj", "{78A5BF35-BA7C-4CA5-8FFB-2A4F46F6775A}"
EndProject
Project("{8BC9CEB8-8B4A-11D0-8D11-00A0C91BC942}") = "POJ_1167", "POJ_1167\POJ_1167.vcxproj", "{54A3111E-F870-4B79-BE50-F788DC7FCD36}"
EndProject
Project("{8BC9CEB8-8B4A-11D0-8D11-00A0C91BC942}") = "Google_1", "Test2\Test2.vcxproj", "{67E2651F-8A42-40C2-9AB0-3294F31C01B2}"
EndProject
Project("{8BC9CEB8-8B4A-11D0-8D11-00A0C91BC942}") = "POJ_3415", "POJ_3415\POJ_3415.vcxproj", "{D667406A-1E9B-4CDF-B62D-312D4F782D95}"
EndProject
Project("{8BC9CEB8-8B4A-11D0-8D11-00A0C91BC942}") = "POJ_1001", "POJ_1001\POJ_1001.vcxproj", "{709DC8BD-2134-4ED1-83BE-805AFC7E5F6F}"
EndProject
Project("{8BC9CEB8-8B4A-11D0-8D11-00A0C91BC942}") = "POJ_1003", "POJ_1003\POJ_1003.vcxproj", "{19728974-C2FD-4946-BDC4-E1A76C69580B}"
EndProject
Project("{8BC9CEB8-8B4A-11D0-8D11-00A0C91BC942}") = "Google_2", "Test3\Test3.vcxproj", "{C0D49936-3088-4FD8-A381-F3B75D40344F}"
EndProject
Project("{8BC9CEB8-8B4A-11D0-8D11-00A0C91BC942}") = "QuickSort", "QuickSort\QuickSort.vcxproj", "{7B3A5638-47F0-418A-A76B-27B89757FD49}"
EndProject
Project("{8BC9CEB8-8B4A-11D0-8D11-00A0C91BC942}") = "TestData", "TestData\TestData.vcxproj", "{2CFE16CD-7202-4828-BE75-099184DA6648}"
EndProject
Project("{8BC9CEB8-8B4A-11D0-8D11-00A0C91BC942}") = "MergeSort", "MergeSort\MergeSort.vcxproj", "{3DD8FFB4-649F-4189-A5FE-8F98527A83FC}"
EndProject
Project("{8BC9CEB8-8B4A-11D0-8D11-00A0C91BC942}") = "LCOJ_1", "LCOJ_1\LCOJ_1.vcxproj", "{431F4035-FBF1-4CD4-8C35-647A1B28D11B}"
EndProject
Project("{8BC9CEB8-8B4A-11D0-8D11-00A0C91BC942}") = "LCOJ_2", "LCOJ_2\LCOJ_2.vcxproj", "{81866916-90A2-4987-8678-391424D144D1}"
EndProject
Project("{8BC9CEB8-8B4A-11D0-8D11-00A0C91BC942}") = "LCOJ_144", "LCOJ_144\LCOJ_144.vcxproj", "{10ABD8C8-048A-4FCB-9EBD-DC80C92D1BCA}"
EndProject
Project("{8BC9CEB8-8B4A-11D0-8D11-00A0C91BC942}") = "LCOJ_145", "LCOJ_145\LCOJ_145.vcxproj", "{5CC0DC6F-E17B-4794-8B2A-F8E9832D17D4}"
EndProject
Project("{8BC9CEB8-8B4A-11D0-8D11-00A0C91BC942}") = "LCOJ_140", "LCOJ_140\LCOJ_140.vcxproj", "{6A52E333-2DA3-4CA7-B1FF-DDE063D016C9}"
EndProject
Project("{8BC9CEB8-8B4A-11D0-8D11-00A0C91BC942}") = "LCOJ_191", "LCOJ_191\LCOJ_191.vcxproj", "{CB8E958F-3A69-4DEC-B369-A909EDE3CE21}"
EndProject
Project("{8BC9CEB8-8B4A-11D0-8D11-00A0C91BC942}") = "LCOJ_190", "LCOJ_190\LCOJ_190.vcxproj", "{8C5469FA-3744-4CFD-A236-3D6DB15C386E}"
EndProject
Project("{8BC9CEB8-8B4A-11D0-8D11-00A0C91BC942}") = "LCOJ_189", "LCOJ_189\LCOJ_189.vcxproj", "{080467F8-619D-4E4E-8C4A-A763095A69A3}"
EndProject
Project("{8BC9CEB8-8B4A-11D0-8D11-00A0C91BC942}") = "LCOJ_186", "LCOJ_186\LCOJ_186.vcxproj", "{C9272332-AC35-4399-9C6E-A09222B746E2}"
EndProject
Project("{8BC9CEB8-8B4A-11D0-8D11-00A0C91BC942}") = "LCOJ_139", "LCOJ_139\LCOJ_139.vcxproj", "{BC41093A-9504-4737-A575-042E241AC76C}"
EndProject
Project("{8BC9CEB8-8B4A-11D0-8D11-00A0C91BC942}") = "LCOJ_52", "LCOJ_52\LCOJ_52.vcxproj", "{7230715E-E7AA-45B2-AFB1-B24C1739B167}"
EndProject
Project("{8BC9CEB8-8B4A-11D0-8D11-00A0C91BC942}") = "LCOJ_46", "LCOJ_46\LCOJ_46.vcxproj", "{6C2429BC-D7FC-4493-982E-2715F59FEDD0}"
EndProject
Project("{8BC9CEB8-8B4A-11D0-8D11-00A0C91BC942}") = "LCOJ_47", "LCOJ_47\LCOJ_47.vcxproj", "{DB174A63-7BF5-4642-8F61-7E00DE0C3DC2}"
EndProject
Project("{8BC9CEB8-8B4A-11D0-8D11-00A0C91BC942}") = "LCOJ_121", "LCOJ_121\LCOJ_121.vcxproj", "{48ED40B0-6CD2-4859-90A2-7B336E4A3385}"
EndProject
Project("{8BC9CEB8-8B4A-11D0-8D11-00A0C91BC942}") = "LCOJ_51", "LCOJ_51\LCOJ_51.vcxproj", "{AD2DCDBF-1102-4F42-84C5-CCB7510316BA}"
EndProject
Project("{8BC9CEB8-8B4A-11D0-8D11-00A0C91BC942}") = "LCOJ_69", "LCOJ_69\LCOJ_69.vcxproj", "{113CEB89-8D58-4B0D-9C91-981F4D9BE02B}"
EndProject
Project("{8BC9CEB8-8B4A-11D0-8D11-00A0C91BC942}") = "LCOJ_76", "LCOJ_76\LCOJ_76.vcxproj", "{F50334AD-9683-45EF-AEB7-868E566C1E78}"
EndProject
Project("{8BC9CEB8-8B4A-11D0-8D11-00A0C91BC942}") = "PP_Rotate", "PP_Rotate\PP_Rotate.vcxproj", "{00AB397A-2D7E-4E85-81C4-732AB17995AF}"
EndProject
Project("{8BC9CEB8-8B4A-11D0-8D11-00A0C91BC942}") = "LCOJ_100", "LCOJ_100\LCOJ_100.vcxproj", "{2251F61E-E9FE-4773-B9D9-787C3EE3F5EA}"
EndProject
Project("{8BC9CEB8-8B4A-11D0-8D11-00A0C91BC942}") = "RedBlackTree", "RedBlackTree\RedBlackTree.vcxproj", "{69155BEB-32A8-41DF-B1D5-83338135A18C}"
EndProject
Project("{8BC9CEB8-8B4A-11D0-8D11-00A0C91BC942}") = "LCOJ_151", "LCOJ_151\LCOJ_151.vcxproj", "{E11F143C-A1CE-43FA-B8E9-CF4431BCD533}"
EndProject
Project("{8BC9CEB8-8B4A-11D0-8D11-00A0C91BC942}") = "LCOJ_127", "LCOJ_127\LCOJ_127.vcxproj", "{2C63BD2A-2EE5-4200-8500-FEF91681386B}"
EndProject
Project("{8BC9CEB8-8B4A-11D0-8D11-00A0C91BC942}") = "LCOJ_128", "LCOJ_128\LCOJ_128.vcxproj", "{A53E11AD-F7E8-4CA6-96D5-147112370437}"
EndProject
Project("{8BC9CEB8-8B4A-11D0-8D11-00A0C91BC942}") = "LCOJ_122", "LCOJ_122\LCOJ_122.vcxproj", "{8FB9EA49-8CF6-4E8F-BBBD-93267EC6D050}"
EndProject
Project("{8BC9CEB8-8B4A-11D0-8D11-00A0C91BC942}") = "LCOJ_55", "LCOJ_55\LCOJ_55.vcxproj", "{A86C1039-A956-4E5F-A1EA-3488C3242F23}"
EndProject
Project("{8BC9CEB8-8B4A-11D0-8D11-00A0C91BC942}") = "LCOJ_45", "LCOJ_45\LCOJ_45.vcxproj", "{C10E2A0D-E878-4224-8588-7EDDFEDE24CE}"
EndProject
Project("{8BC9CEB8-8B4A-11D0-8D11-00A0C91BC942}") = "POJ_3624", "POJ_3624\POJ_3624.vcxproj", "{AF9A3071-A80C-49D7-B28A-E22C881F147C}"
EndProject
Project("{8BC9CEB8-8B4A-11D0-8D11-00A0C91BC942}") = "TowerOfHanoi", "TowerOfHanoi\TowerOfHanoi.vcxproj", "{027876A0-7985-4E3C-959E-C63278766CAF}"
EndProject
Project("{8BC9CEB8-8B4A-11D0-8D11-00A0C91BC942}") = "LCOJ_49", "LCOJ_49\LCOJ_49.vcxproj", "{B2469C6C-7C32-449E-B7EF-0CE4C8E77F0A}"
EndProject
Project("{8BC9CEB8-8B4A-11D0-8D11-00A0C91BC942}") = "LCOJ_29", "LCOJ_29\LCOJ_29.vcxproj", "{F5960804-5E0A-49D8-B2D2-6A8FC00C36D5}"
EndProject
Project("{8BC9CEB8-8B4A-11D0-8D11-00A0C91BC942}") = "LCOJ_123", "LCOJ_123\LCOJ_123.vcxproj", "{CCFEE4E5-B466-452D-B9DF-D52DFD2D676B}"
EndProject
Project("{8BC9CEB8-8B4A-11D0-8D11-00A0C91BC942}") = "LCOJ85", "LCOJ85\LCOJ85.vcxproj", "{E9B26D64-E0A2-4BAE-B929-42BC5E0EF044}"
EndProject
Global
	GlobalSection(SolutionConfigurationPlatforms) = preSolution
		Debug|Win32 = Debug|Win32
		Release|Win32 = Release|Win32
	EndGlobalSection
	GlobalSection(ProjectConfigurationPlatforms) = postSolution
		{89687B6C-E9F2-47F0-9014-6B9A3E1DA993}.Debug|Win32.ActiveCfg = Debug|Win32
		{89687B6C-E9F2-47F0-9014-6B9A3E1DA993}.Debug|Win32.Build.0 = Debug|Win32
		{89687B6C-E9F2-47F0-9014-6B9A3E1DA993}.Release|Win32.ActiveCfg = Release|Win32
		{89687B6C-E9F2-47F0-9014-6B9A3E1DA993}.Release|Win32.Build.0 = Release|Win32
		{4006538E-DA7A-4438-8E44-5887CD5C4405}.Debug|Win32.ActiveCfg = Debug|Win32
		{4006538E-DA7A-4438-8E44-5887CD5C4405}.Debug|Win32.Build.0 = Debug|Win32
		{4006538E-DA7A-4438-8E44-5887CD5C4405}.Release|Win32.ActiveCfg = Release|Win32
		{4006538E-DA7A-4438-8E44-5887CD5C4405}.Release|Win32.Build.0 = Release|Win32
		{94E1AC0B-808D-413B-A7EE-1931FEBA1812}.Debug|Win32.ActiveCfg = Debug|Win32
		{94E1AC0B-808D-413B-A7EE-1931FEBA1812}.Debug|Win32.Build.0 = Debug|Win32
		{94E1AC0B-808D-413B-A7EE-1931FEBA1812}.Release|Win32.ActiveCfg = Release|Win32
		{94E1AC0B-808D-413B-A7EE-1931FEBA1812}.Release|Win32.Build.0 = Release|Win32
		{7D730E2F-E240-451A-B874-53C036CABB32}.Debug|Win32.ActiveCfg = Debug|Win32
		{7D730E2F-E240-451A-B874-53C036CABB32}.Debug|Win32.Build.0 = Debug|Win32
		{7D730E2F-E240-451A-B874-53C036CABB32}.Release|Win32.ActiveCfg = Release|Win32
		{7D730E2F-E240-451A-B874-53C036CABB32}.Release|Win32.Build.0 = Release|Win32
		{78A5BF35-BA7C-4CA5-8FFB-2A4F46F6775A}.Debug|Win32.ActiveCfg = Debug|Win32
		{78A5BF35-BA7C-4CA5-8FFB-2A4F46F6775A}.Debug|Win32.Build.0 = Debug|Win32
		{78A5BF35-BA7C-4CA5-8FFB-2A4F46F6775A}.Release|Win32.ActiveCfg = Release|Win32
		{78A5BF35-BA7C-4CA5-8FFB-2A4F46F6775A}.Release|Win32.Build.0 = Release|Win32
		{54A3111E-F870-4B79-BE50-F788DC7FCD36}.Debug|Win32.ActiveCfg = Debug|Win32
		{54A3111E-F870-4B79-BE50-F788DC7FCD36}.Debug|Win32.Build.0 = Debug|Win32
		{54A3111E-F870-4B79-BE50-F788DC7FCD36}.Release|Win32.ActiveCfg = Release|Win32
		{54A3111E-F870-4B79-BE50-F788DC7FCD36}.Release|Win32.Build.0 = Release|Win32
		{67E2651F-8A42-40C2-9AB0-3294F31C01B2}.Debug|Win32.ActiveCfg = Debug|Win32
		{67E2651F-8A42-40C2-9AB0-3294F31C01B2}.Debug|Win32.Build.0 = Debug|Win32
		{67E2651F-8A42-40C2-9AB0-3294F31C01B2}.Release|Win32.ActiveCfg = Release|Win32
		{67E2651F-8A42-40C2-9AB0-3294F31C01B2}.Release|Win32.Build.0 = Release|Win32
		{D667406A-1E9B-4CDF-B62D-312D4F782D95}.Debug|Win32.ActiveCfg = Debug|Win32
		{D667406A-1E9B-4CDF-B62D-312D4F782D95}.Debug|Win32.Build.0 = Debug|Win32
		{D667406A-1E9B-4CDF-B62D-312D4F782D95}.Release|Win32.ActiveCfg = Release|Win32
		{D667406A-1E9B-4CDF-B62D-312D4F782D95}.Release|Win32.Build.0 = Release|Win32
		{709DC8BD-2134-4ED1-83BE-805AFC7E5F6F}.Debug|Win32.ActiveCfg = Debug|Win32
		{709DC8BD-2134-4ED1-83BE-805AFC7E5F6F}.Debug|Win32.Build.0 = Debug|Win32
		{709DC8BD-2134-4ED1-83BE-805AFC7E5F6F}.Release|Win32.ActiveCfg = Release|Win32
		{709DC8BD-2134-4ED1-83BE-805AFC7E5F6F}.Release|Win32.Build.0 = Release|Win32
		{19728974-C2FD-4946-BDC4-E1A76C69580B}.Debug|Win32.ActiveCfg = Debug|Win32
		{19728974-C2FD-4946-BDC4-E1A76C69580B}.Debug|Win32.Build.0 = Debug|Win32
		{19728974-C2FD-4946-BDC4-E1A76C69580B}.Release|Win32.ActiveCfg = Release|Win32
		{19728974-C2FD-4946-BDC4-E1A76C69580B}.Release|Win32.Build.0 = Release|Win32
		{C0D49936-3088-4FD8-A381-F3B75D40344F}.Debug|Win32.ActiveCfg = Debug|Win32
		{C0D49936-3088-4FD8-A381-F3B75D40344F}.Debug|Win32.Build.0 = Debug|Win32
		{C0D49936-3088-4FD8-A381-F3B75D40344F}.Release|Win32.ActiveCfg = Release|Win32
		{C0D49936-3088-4FD8-A381-F3B75D40344F}.Release|Win32.Build.0 = Release|Win32
		{7B3A5638-47F0-418A-A76B-27B89757FD49}.Debug|Win32.ActiveCfg = Debug|Win32
		{7B3A5638-47F0-418A-A76B-27B89757FD49}.Debug|Win32.Build.0 = Debug|Win32
		{7B3A5638-47F0-418A-A76B-27B89757FD49}.Release|Win32.ActiveCfg = Release|Win32
		{7B3A5638-47F0-418A-A76B-27B89757FD49}.Release|Win32.Build.0 = Release|Win32
		{2CFE16CD-7202-4828-BE75-099184DA6648}.Debug|Win32.ActiveCfg = Debug|Win32
		{2CFE16CD-7202-4828-BE75-099184DA6648}.Debug|Win32.Build.0 = Debug|Win32
		{2CFE16CD-7202-4828-BE75-099184DA6648}.Release|Win32.ActiveCfg = Release|Win32
		{2CFE16CD-7202-4828-BE75-099184DA6648}.Release|Win32.Build.0 = Release|Win32
		{3DD8FFB4-649F-4189-A5FE-8F98527A83FC}.Debug|Win32.ActiveCfg = Debug|Win32
		{3DD8FFB4-649F-4189-A5FE-8F98527A83FC}.Debug|Win32.Build.0 = Debug|Win32
		{3DD8FFB4-649F-4189-A5FE-8F98527A83FC}.Release|Win32.ActiveCfg = Release|Win32
		{3DD8FFB4-649F-4189-A5FE-8F98527A83FC}.Release|Win32.Build.0 = Release|Win32
		{431F4035-FBF1-4CD4-8C35-647A1B28D11B}.Debug|Win32.ActiveCfg = Debug|Win32
		{431F4035-FBF1-4CD4-8C35-647A1B28D11B}.Debug|Win32.Build.0 = Debug|Win32
		{431F4035-FBF1-4CD4-8C35-647A1B28D11B}.Release|Win32.ActiveCfg = Release|Win32
		{431F4035-FBF1-4CD4-8C35-647A1B28D11B}.Release|Win32.Build.0 = Release|Win32
		{81866916-90A2-4987-8678-391424D144D1}.Debug|Win32.ActiveCfg = Debug|Win32
		{81866916-90A2-4987-8678-391424D144D1}.Debug|Win32.Build.0 = Debug|Win32
		{81866916-90A2-4987-8678-391424D144D1}.Release|Win32.ActiveCfg = Release|Win32
		{81866916-90A2-4987-8678-391424D144D1}.Release|Win32.Build.0 = Release|Win32
		{10ABD8C8-048A-4FCB-9EBD-DC80C92D1BCA}.Debug|Win32.ActiveCfg = Debug|Win32
		{10ABD8C8-048A-4FCB-9EBD-DC80C92D1BCA}.Debug|Win32.Build.0 = Debug|Win32
		{10ABD8C8-048A-4FCB-9EBD-DC80C92D1BCA}.Release|Win32.ActiveCfg = Release|Win32
		{10ABD8C8-048A-4FCB-9EBD-DC80C92D1BCA}.Release|Win32.Build.0 = Release|Win32
		{5CC0DC6F-E17B-4794-8B2A-F8E9832D17D4}.Debug|Win32.ActiveCfg = Debug|Win32
		{5CC0DC6F-E17B-4794-8B2A-F8E9832D17D4}.Debug|Win32.Build.0 = Debug|Win32
		{5CC0DC6F-E17B-4794-8B2A-F8E9832D17D4}.Release|Win32.ActiveCfg = Release|Win32
		{5CC0DC6F-E17B-4794-8B2A-F8E9832D17D4}.Release|Win32.Build.0 = Release|Win32
		{6A52E333-2DA3-4CA7-B1FF-DDE063D016C9}.Debug|Win32.ActiveCfg = Debug|Win32
		{6A52E333-2DA3-4CA7-B1FF-DDE063D016C9}.Debug|Win32.Build.0 = Debug|Win32
		{6A52E333-2DA3-4CA7-B1FF-DDE063D016C9}.Release|Win32.ActiveCfg = Release|Win32
		{6A52E333-2DA3-4CA7-B1FF-DDE063D016C9}.Release|Win32.Build.0 = Release|Win32
		{CB8E958F-3A69-4DEC-B369-A909EDE3CE21}.Debug|Win32.ActiveCfg = Debug|Win32
		{CB8E958F-3A69-4DEC-B369-A909EDE3CE21}.Debug|Win32.Build.0 = Debug|Win32
		{CB8E958F-3A69-4DEC-B369-A909EDE3CE21}.Release|Win32.ActiveCfg = Release|Win32
		{CB8E958F-3A69-4DEC-B369-A909EDE3CE21}.Release|Win32.Build.0 = Release|Win32
		{8C5469FA-3744-4CFD-A236-3D6DB15C386E}.Debug|Win32.ActiveCfg = Debug|Win32
		{8C5469FA-3744-4CFD-A236-3D6DB15C386E}.Debug|Win32.Build.0 = Debug|Win32
		{8C5469FA-3744-4CFD-A236-3D6DB15C386E}.Release|Win32.ActiveCfg = Release|Win32
		{8C5469FA-3744-4CFD-A236-3D6DB15C386E}.Release|Win32.Build.0 = Release|Win32
		{080467F8-619D-4E4E-8C4A-A763095A69A3}.Debug|Win32.ActiveCfg = Debug|Win32
		{080467F8-619D-4E4E-8C4A-A763095A69A3}.Debug|Win32.Build.0 = Debug|Win32
		{080467F8-619D-4E4E-8C4A-A763095A69A3}.Release|Win32.ActiveCfg = Release|Win32
		{080467F8-619D-4E4E-8C4A-A763095A69A3}.Release|Win32.Build.0 = Release|Win32
		{C9272332-AC35-4399-9C6E-A09222B746E2}.Debug|Win32.ActiveCfg = Debug|Win32
		{C9272332-AC35-4399-9C6E-A09222B746E2}.Debug|Win32.Build.0 = Debug|Win32
		{C9272332-AC35-4399-9C6E-A09222B746E2}.Release|Win32.ActiveCfg = Release|Win32
		{C9272332-AC35-4399-9C6E-A09222B746E2}.Release|Win32.Build.0 = Release|Win32
		{BC41093A-9504-4737-A575-042E241AC76C}.Debug|Win32.ActiveCfg = Debug|Win32
		{BC41093A-9504-4737-A575-042E241AC76C}.Debug|Win32.Build.0 = Debug|Win32
		{BC41093A-9504-4737-A575-042E241AC76C}.Release|Win32.ActiveCfg = Release|Win32
		{BC41093A-9504-4737-A575-042E241AC76C}.Release|Win32.Build.0 = Release|Win32
		{7230715E-E7AA-45B2-AFB1-B24C1739B167}.Debug|Win32.ActiveCfg = Debug|Win32
		{7230715E-E7AA-45B2-AFB1-B24C1739B167}.Debug|Win32.Build.0 = Debug|Win32
		{7230715E-E7AA-45B2-AFB1-B24C1739B167}.Release|Win32.ActiveCfg = Release|Win32
		{7230715E-E7AA-45B2-AFB1-B24C1739B167}.Release|Win32.Build.0 = Release|Win32
		{6C2429BC-D7FC-4493-982E-2715F59FEDD0}.Debug|Win32.ActiveCfg = Debug|Win32
		{6C2429BC-D7FC-4493-982E-2715F59FEDD0}.Debug|Win32.Build.0 = Debug|Win32
		{6C2429BC-D7FC-4493-982E-2715F59FEDD0}.Release|Win32.ActiveCfg = Release|Win32
		{6C2429BC-D7FC-4493-982E-2715F59FEDD0}.Release|Win32.Build.0 = Release|Win32
		{DB174A63-7BF5-4642-8F61-7E00DE0C3DC2}.Debug|Win32.ActiveCfg = Debug|Win32
		{DB174A63-7BF5-4642-8F61-7E00DE0C3DC2}.Debug|Win32.Build.0 = Debug|Win32
		{DB174A63-7BF5-4642-8F61-7E00DE0C3DC2}.Release|Win32.ActiveCfg = Release|Win32
		{DB174A63-7BF5-4642-8F61-7E00DE0C3DC2}.Release|Win32.Build.0 = Release|Win32
		{48ED40B0-6CD2-4859-90A2-7B336E4A3385}.Debug|Win32.ActiveCfg = Debug|Win32
		{48ED40B0-6CD2-4859-90A2-7B336E4A3385}.Debug|Win32.Build.0 = Debug|Win32
		{48ED40B0-6CD2-4859-90A2-7B336E4A3385}.Release|Win32.ActiveCfg = Release|Win32
		{48ED40B0-6CD2-4859-90A2-7B336E4A3385}.Release|Win32.Build.0 = Release|Win32
		{AD2DCDBF-1102-4F42-84C5-CCB7510316BA}.Debug|Win32.ActiveCfg = Debug|Win32
		{AD2DCDBF-1102-4F42-84C5-CCB7510316BA}.Debug|Win32.Build.0 = Debug|Win32
		{AD2DCDBF-1102-4F42-84C5-CCB7510316BA}.Release|Win32.ActiveCfg = Release|Win32
		{AD2DCDBF-1102-4F42-84C5-CCB7510316BA}.Release|Win32.Build.0 = Release|Win32
		{113CEB89-8D58-4B0D-9C91-981F4D9BE02B}.Debug|Win32.ActiveCfg = Debug|Win32
		{113CEB89-8D58-4B0D-9C91-981F4D9BE02B}.Debug|Win32.Build.0 = Debug|Win32
		{113CEB89-8D58-4B0D-9C91-981F4D9BE02B}.Release|Win32.ActiveCfg = Release|Win32
		{113CEB89-8D58-4B0D-9C91-981F4D9BE02B}.Release|Win32.Build.0 = Release|Win32
		{F50334AD-9683-45EF-AEB7-868E566C1E78}.Debug|Win32.ActiveCfg = Debug|Win32
		{F50334AD-9683-45EF-AEB7-868E566C1E78}.Debug|Win32.Build.0 = Debug|Win32
		{F50334AD-9683-45EF-AEB7-868E566C1E78}.Release|Win32.ActiveCfg = Release|Win32
		{F50334AD-9683-45EF-AEB7-868E566C1E78}.Release|Win32.Build.0 = Release|Win32
		{00AB397A-2D7E-4E85-81C4-732AB17995AF}.Debug|Win32.ActiveCfg = Debug|Win32
		{00AB397A-2D7E-4E85-81C4-732AB17995AF}.Debug|Win32.Build.0 = Debug|Win32
		{00AB397A-2D7E-4E85-81C4-732AB17995AF}.Release|Win32.ActiveCfg = Release|Win32
		{00AB397A-2D7E-4E85-81C4-732AB17995AF}.Release|Win32.Build.0 = Release|Win32
		{2251F61E-E9FE-4773-B9D9-787C3EE3F5EA}.Debug|Win32.ActiveCfg = Debug|Win32
		{2251F61E-E9FE-4773-B9D9-787C3EE3F5EA}.Debug|Win32.Build.0 = Debug|Win32
		{2251F61E-E9FE-4773-B9D9-787C3EE3F5EA}.Release|Win32.ActiveCfg = Release|Win32
		{2251F61E-E9FE-4773-B9D9-787C3EE3F5EA}.Release|Win32.Build.0 = Release|Win32
		{69155BEB-32A8-41DF-B1D5-83338135A18C}.Debug|Win32.ActiveCfg = Debug|Win32
		{69155BEB-32A8-41DF-B1D5-83338135A18C}.Debug|Win32.Build.0 = Debug|Win32
		{69155BEB-32A8-41DF-B1D5-83338135A18C}.Release|Win32.ActiveCfg = Release|Win32
		{69155BEB-32A8-41DF-B1D5-83338135A18C}.Release|Win32.Build.0 = Release|Win32
		{E11F143C-A1CE-43FA-B8E9-CF4431BCD533}.Debug|Win32.ActiveCfg = Debug|Win32
		{E11F143C-A1CE-43FA-B8E9-CF4431BCD533}.Debug|Win32.Build.0 = Debug|Win32
		{E11F143C-A1CE-43FA-B8E9-CF4431BCD533}.Release|Win32.ActiveCfg = Release|Win32
		{E11F143C-A1CE-43FA-B8E9-CF4431BCD533}.Release|Win32.Build.0 = Release|Win32
		{2C63BD2A-2EE5-4200-8500-FEF91681386B}.Debug|Win32.ActiveCfg = Debug|Win32
		{2C63BD2A-2EE5-4200-8500-FEF91681386B}.Debug|Win32.Build.0 = Debug|Win32
		{2C63BD2A-2EE5-4200-8500-FEF91681386B}.Release|Win32.ActiveCfg = Release|Win32
		{2C63BD2A-2EE5-4200-8500-FEF91681386B}.Release|Win32.Build.0 = Release|Win32
		{A53E11AD-F7E8-4CA6-96D5-147112370437}.Debug|Win32.ActiveCfg = Debug|Win32
		{A53E11AD-F7E8-4CA6-96D5-147112370437}.Debug|Win32.Build.0 = Debug|Win32
		{A53E11AD-F7E8-4CA6-96D5-147112370437}.Release|Win32.ActiveCfg = Release|Win32
		{A53E11AD-F7E8-4CA6-96D5-147112370437}.Release|Win32.Build.0 = Release|Win32
		{8FB9EA49-8CF6-4E8F-BBBD-93267EC6D050}.Debug|Win32.ActiveCfg = Debug|Win32
		{8FB9EA49-8CF6-4E8F-BBBD-93267EC6D050}.Debug|Win32.Build.0 = Debug|Win32
		{8FB9EA49-8CF6-4E8F-BBBD-93267EC6D050}.Release|Win32.ActiveCfg = Release|Win32
		{8FB9EA49-8CF6-4E8F-BBBD-93267EC6D050}.Release|Win32.Build.0 = Release|Win32
		{A86C1039-A956-4E5F-A1EA-3488C3242F23}.Debug|Win32.ActiveCfg = Debug|Win32
		{A86C1039-A956-4E5F-A1EA-3488C3242F23}.Debug|Win32.Build.0 = Debug|Win32
		{A86C1039-A956-4E5F-A1EA-3488C3242F23}.Release|Win32.ActiveCfg = Release|Win32
		{A86C1039-A956-4E5F-A1EA-3488C3242F23}.Release|Win32.Build.0 = Release|Win32
		{C10E2A0D-E878-4224-8588-7EDDFEDE24CE}.Debug|Win32.ActiveCfg = Debug|Win32
		{C10E2A0D-E878-4224-8588-7EDDFEDE24CE}.Debug|Win32.Build.0 = Debug|Win32
		{C10E2A0D-E878-4224-8588-7EDDFEDE24CE}.Release|Win32.ActiveCfg = Release|Win32
		{C10E2A0D-E878-4224-8588-7EDDFEDE24CE}.Release|Win32.Build.0 = Release|Win32
		{AF9A3071-A80C-49D7-B28A-E22C881F147C}.Debug|Win32.ActiveCfg = Debug|Win32
		{AF9A3071-A80C-49D7-B28A-E22C881F147C}.Debug|Win32.Build.0 = Debug|Win32
		{AF9A3071-A80C-49D7-B28A-E22C881F147C}.Release|Win32.ActiveCfg = Release|Win32
		{AF9A3071-A80C-49D7-B28A-E22C881F147C}.Release|Win32.Build.0 = Release|Win32
		{027876A0-7985-4E3C-959E-C63278766CAF}.Debug|Win32.ActiveCfg = Debug|Win32
		{027876A0-7985-4E3C-959E-C63278766CAF}.Debug|Win32.Build.0 = Debug|Win32
		{027876A0-7985-4E3C-959E-C63278766CAF}.Release|Win32.ActiveCfg = Release|Win32
		{027876A0-7985-4E3C-959E-C63278766CAF}.Release|Win32.Build.0 = Release|Win32
		{B2469C6C-7C32-449E-B7EF-0CE4C8E77F0A}.Debug|Win32.ActiveCfg = Debug|Win32
		{B2469C6C-7C32-449E-B7EF-0CE4C8E77F0A}.Debug|Win32.Build.0 = Debug|Win32
		{B2469C6C-7C32-449E-B7EF-0CE4C8E77F0A}.Release|Win32.ActiveCfg = Release|Win32
		{B2469C6C-7C32-449E-B7EF-0CE4C8E77F0A}.Release|Win32.Build.0 = Release|Win32
		{F5960804-5E0A-49D8-B2D2-6A8FC00C36D5}.Debug|Win32.ActiveCfg = Debug|Win32
		{F5960804-5E0A-49D8-B2D2-6A8FC00C36D5}.Debug|Win32.Build.0 = Debug|Win32
		{F5960804-5E0A-49D8-B2D2-6A8FC00C36D5}.Release|Win32.ActiveCfg = Release|Win32
		{F5960804-5E0A-49D8-B2D2-6A8FC00C36D5}.Release|Win32.Build.0 = Release|Win32
		{CCFEE4E5-B466-452D-B9DF-D52DFD2D676B}.Debug|Win32.ActiveCfg = Debug|Win32
		{CCFEE4E5-B466-452D-B9DF-D52DFD2D676B}.Debug|Win32.Build.0 = Debug|Win32
		{CCFEE4E5-B466-452D-B9DF-D52DFD2D676B}.Release|Win32.ActiveCfg = Release|Win32
		{CCFEE4E5-B466-452D-B9DF-D52DFD2D676B}.Release|Win32.Build.0 = Release|Win32
		{E9B26D64-E0A2-4BAE-B929-42BC5E0EF044}.Debug|Win32.ActiveCfg = Debug|Win32
		{E9B26D64-E0A2-4BAE-B929-42BC5E0EF044}.Debug|Win32.Build.0 = Debug|Win32
		{E9B26D64-E0A2-4BAE-B929-42BC5E0EF044}.Release|Win32.ActiveCfg = Release|Win32
		{E9B26D64-E0A2-4BAE-B929-42BC5E0EF044}.Release|Win32.Build.0 = Release|Win32
	EndGlobalSection
	GlobalSection(SolutionProperties) = preSolution
		HideSolutionNode = FALSE
	EndGlobalSection
	GlobalSection(Performance) = preSolution
		HasPerformanceSessions = true
	EndGlobalSection
EndGlobal
