
Microsoft Visual Studio Solution File, Format Version 12.00
# Visual Studio 2013
VisualStudioVersion = 12.0.31101.0
MinimumVisualStudioVersion = 10.0.40219.1
Project("{8BC9CEB8-8B4A-11D0-8D11-00A0C91BC942}") = "StringPermute", "Test\Test.vcxproj", "{89687B6C-E9F2-47F0-9014-6B9A3E1DA993}"
EndProject
Project("{8BC9CEB8-8B4A-11D0-8D11-00A0C91BC942}") = "Fibb", "Fibb\Fibb.vcxproj", "{4006538E-DA7A-4438-8E44-5887CD5C4405}"
EndProject
Project("{8BC9CEB8-8B4A-11D0-8D11-00A0C91BC942}") = "BigNum", "BigNum\BigNum.vcxproj", "{94E1AC0B-808D-413B-A7EE-1931FEBA1812}"
EndProject
Project("{8BC9CEB8-8B4A-11D0-8D11-00A0C91BC942}") = "POJ_1002", "POJ_1002\POJ_1002.vcxproj", "{7D730E2F-E240-451A-B874-53C036CABB32}"
EndProject
Project("{8BC9CEB8-8B4A-11D0-8D11-00A0C91BC942}") = "POJ_1067", "POJ_1067\POJ_1067.vcxproj", "{78A5BF35-BA7C-4CA5-8FFB-2A4F46F6775A}"
EndProject
Project("{8BC9CEB8-8B4A-11D0-8D11-00A0C91BC942}") = "POJ_1167", "POJ_1167\POJ_1167.vcxproj", "{54A3111E-F870-4B79-BE50-F788DC7FCD36}"
EndProject
Project("{8BC9CEB8-8B4A-11D0-8D11-00A0C91BC942}") = "Google_1", "Test2\Test2.vcxproj", "{67E2651F-8A42-40C2-9AB0-3294F31C01B2}"
EndProject
Project("{8BC9CEB8-8B4A-11D0-8D11-00A0C91BC942}") = "POJ_3415", "POJ_3415\POJ_3415.vcxproj", "{D667406A-1E9B-4CDF-B62D-312D4F782D95}"
EndProject
Project("{8BC9CEB8-8B4A-11D0-8D11-00A0C91BC942}") = "POJ_1001", "POJ_1001\POJ_1001.vcxproj", "{709DC8BD-2134-4ED1-83BE-805AFC7E5F6F}"
EndProject
Project("{8BC9CEB8-8B4A-11D0-8D11-00A0C91BC942}") = "POJ_1003", "POJ_1003\POJ_1003.vcxproj", "{19728974-C2FD-4946-BDC4-E1A76C69580B}"
EndProject
Project("{8BC9CEB8-8B4A-11D0-8D11-00A0C91BC942}") = "Google_2", "Test3\Test3.vcxproj", "{C0D49936-3088-4FD8-A381-F3B75D40344F}"
EndProject
Project("{8BC9CEB8-8B4A-11D0-8D11-00A0C91BC942}") = "QuickSort", "QuickSort\QuickSort.vcxproj", "{7B3A5638-47F0-418A-A76B-27B89757FD49}"
EndProject
Project("{8BC9CEB8-8B4A-11D0-8D11-00A0C91BC942}") = "TestData", "TestData\TestData.vcxproj", "{2CFE16CD-7202-4828-BE75-099184DA6648}"
EndProject
Global
	GlobalSection(SolutionConfigurationPlatforms) = preSolution
		Debug|Win32 = Debug|Win32
		Release|Win32 = Release|Win32
	EndGlobalSection
	GlobalSection(ProjectConfigurationPlatforms) = postSolution
		{89687B6C-E9F2-47F0-9014-6B9A3E1DA993}.Debug|Win32.ActiveCfg = Debug|Win32
		{89687B6C-E9F2-47F0-9014-6B9A3E1DA993}.Debug|Win32.Build.0 = Debug|Win32
		{89687B6C-E9F2-47F0-9014-6B9A3E1DA993}.Release|Win32.ActiveCfg = Release|Win32
		{89687B6C-E9F2-47F0-9014-6B9A3E1DA993}.Release|Win32.Build.0 = Release|Win32
		{4006538E-DA7A-4438-8E44-5887CD5C4405}.Debug|Win32.ActiveCfg = Debug|Win32
		{4006538E-DA7A-4438-8E44-5887CD5C4405}.Debug|Win32.Build.0 = Debug|Win32
		{4006538E-DA7A-4438-8E44-5887CD5C4405}.Release|Win32.ActiveCfg = Release|Win32
		{4006538E-DA7A-4438-8E44-5887CD5C4405}.Release|Win32.Build.0 = Release|Win32
		{94E1AC0B-808D-413B-A7EE-1931FEBA1812}.Debug|Win32.ActiveCfg = Debug|Win32
		{94E1AC0B-808D-413B-A7EE-1931FEBA1812}.Debug|Win32.Build.0 = Debug|Win32
		{94E1AC0B-808D-413B-A7EE-1931FEBA1812}.Release|Win32.ActiveCfg = Release|Win32
		{94E1AC0B-808D-413B-A7EE-1931FEBA1812}.Release|Win32.Build.0 = Release|Win32
		{7D730E2F-E240-451A-B874-53C036CABB32}.Debug|Win32.ActiveCfg = Debug|Win32
		{7D730E2F-E240-451A-B874-53C036CABB32}.Debug|Win32.Build.0 = Debug|Win32
		{7D730E2F-E240-451A-B874-53C036CABB32}.Release|Win32.ActiveCfg = Release|Win32
		{7D730E2F-E240-451A-B874-53C036CABB32}.Release|Win32.Build.0 = Release|Win32
		{78A5BF35-BA7C-4CA5-8FFB-2A4F46F6775A}.Debug|Win32.ActiveCfg = Debug|Win32
		{78A5BF35-BA7C-4CA5-8FFB-2A4F46F6775A}.Debug|Win32.Build.0 = Debug|Win32
		{78A5BF35-BA7C-4CA5-8FFB-2A4F46F6775A}.Release|Win32.ActiveCfg = Release|Win32
		{78A5BF35-BA7C-4CA5-8FFB-2A4F46F6775A}.Release|Win32.Build.0 = Release|Win32
		{54A3111E-F870-4B79-BE50-F788DC7FCD36}.Debug|Win32.ActiveCfg = Debug|Win32
		{54A3111E-F870-4B79-BE50-F788DC7FCD36}.Debug|Win32.Build.0 = Debug|Win32
		{54A3111E-F870-4B79-BE50-F788DC7FCD36}.Release|Win32.ActiveCfg = Release|Win32
		{54A3111E-F870-4B79-BE50-F788DC7FCD36}.Release|Win32.Build.0 = Release|Win32
		{67E2651F-8A42-40C2-9AB0-3294F31C01B2}.Debug|Win32.ActiveCfg = Debug|Win32
		{67E2651F-8A42-40C2-9AB0-3294F31C01B2}.Debug|Win32.Build.0 = Debug|Win32
		{67E2651F-8A42-40C2-9AB0-3294F31C01B2}.Release|Win32.ActiveCfg = Release|Win32
		{67E2651F-8A42-40C2-9AB0-3294F31C01B2}.Release|Win32.Build.0 = Release|Win32
		{D667406A-1E9B-4CDF-B62D-312D4F782D95}.Debug|Win32.ActiveCfg = Debug|Win32
		{D667406A-1E9B-4CDF-B62D-312D4F782D95}.Debug|Win32.Build.0 = Debug|Win32
		{D667406A-1E9B-4CDF-B62D-312D4F782D95}.Release|Win32.ActiveCfg = Release|Win32
		{D667406A-1E9B-4CDF-B62D-312D4F782D95}.Release|Win32.Build.0 = Release|Win32
		{709DC8BD-2134-4ED1-83BE-805AFC7E5F6F}.Debug|Win32.ActiveCfg = Debug|Win32
		{709DC8BD-2134-4ED1-83BE-805AFC7E5F6F}.Debug|Win32.Build.0 = Debug|Win32
		{709DC8BD-2134-4ED1-83BE-805AFC7E5F6F}.Release|Win32.ActiveCfg = Release|Win32
		{709DC8BD-2134-4ED1-83BE-805AFC7E5F6F}.Release|Win32.Build.0 = Release|Win32
		{19728974-C2FD-4946-BDC4-E1A76C69580B}.Debug|Win32.ActiveCfg = Debug|Win32
		{19728974-C2FD-4946-BDC4-E1A76C69580B}.Debug|Win32.Build.0 = Debug|Win32
		{19728974-C2FD-4946-BDC4-E1A76C69580B}.Release|Win32.ActiveCfg = Release|Win32
		{19728974-C2FD-4946-BDC4-E1A76C69580B}.Release|Win32.Build.0 = Release|Win32
		{C0D49936-3088-4FD8-A381-F3B75D40344F}.Debug|Win32.ActiveCfg = Debug|Win32
		{C0D49936-3088-4FD8-A381-F3B75D40344F}.Debug|Win32.Build.0 = Debug|Win32
		{C0D49936-3088-4FD8-A381-F3B75D40344F}.Release|Win32.ActiveCfg = Release|Win32
		{C0D49936-3088-4FD8-A381-F3B75D40344F}.Release|Win32.Build.0 = Release|Win32
		{7B3A5638-47F0-418A-A76B-27B89757FD49}.Debug|Win32.ActiveCfg = Debug|Win32
		{7B3A5638-47F0-418A-A76B-27B89757FD49}.Debug|Win32.Build.0 = Debug|Win32
		{7B3A5638-47F0-418A-A76B-27B89757FD49}.Release|Win32.ActiveCfg = Release|Win32
		{7B3A5638-47F0-418A-A76B-27B89757FD49}.Release|Win32.Build.0 = Release|Win32
		{2CFE16CD-7202-4828-BE75-099184DA6648}.Debug|Win32.ActiveCfg = Debug|Win32
		{2CFE16CD-7202-4828-BE75-099184DA6648}.Debug|Win32.Build.0 = Debug|Win32
		{2CFE16CD-7202-4828-BE75-099184DA6648}.Release|Win32.ActiveCfg = Release|Win32
		{2CFE16CD-7202-4828-BE75-099184DA6648}.Release|Win32.Build.0 = Release|Win32
	EndGlobalSection
	GlobalSection(SolutionProperties) = preSolution
		HideSolutionNode = FALSE
	EndGlobalSection
	GlobalSection(Performance) = preSolution
		HasPerformanceSessions = true
	EndGlobalSection
EndGlobal
